<?xml version="1.0" encoding="utf-8"?>
<Project ToolsVersion="4.0" xmlns="http://schemas.microsoft.com/developer/msbuild/2003">
  <ItemGroup>
    <Filter Include="Source Files">
      <UniqueIdentifier>{4FC737F1-C7A5-4376-A066-2A32D752A2FF}</UniqueIdentifier>
      <Extensions>cpp;c;cc;cxx;def;odl;idl;hpj;bat;asm;asmx</Extensions>
    </Filter>
    <Filter Include="Header Files">
      <UniqueIdentifier>{93995380-89BD-4b04-88EB-625FBE52EBFB}</UniqueIdentifier>
      <Extensions>h;hh;hpp;hxx;hm;inl;inc;ipp;xsd</Extensions>
    </Filter>
    <Filter Include="Resource Files">
      <UniqueIdentifier>{67DA6AB6-F800-4c08-8B7A-83BB121AAD01}</UniqueIdentifier>
      <Extensions>rc;ico;cur;bmp;dlg;rc2;rct;bin;rgs;gif;jpg;jpeg;jpe;resx;tiff;tif;png;wav;mfcribbon-ms</Extensions>
    </Filter>
  </ItemGroup>
  <ItemGroup>
    <ClInclude Include="src\TestHeader.h">
      <Filter>Header Files</Filter>
    </ClInclude>
    <ClInclude Include="src\lasdefinitions.hpp">
      <Filter>Header Files</Filter>
    </ClInclude>
    <ClInclude Include="src\lasfilter.hpp">
      <Filter>Header Files</Filter>
    </ClInclude>
    <ClInclude Include="src\lasreader.hpp">
      <Filter>Header Files</Filter>
    </ClInclude>
    <ClInclude Include="src\lasreader_asc.hpp">
      <Filter>Header Files</Filter>
    </ClInclude>
    <ClInclude Include="src\lasreader_bil.hpp">
      <Filter>Header Files</Filter>
    </ClInclude>
    <ClInclude Include="src\lasreader_bin.hpp">
      <Filter>Header Files</Filter>
    </ClInclude>
    <ClInclude Include="src\lasreader_dtm.hpp">
      <Filter>Header Files</Filter>
    </ClInclude>
    <ClInclude Include="src\lasreader_las.hpp">
      <Filter>Header Files</Filter>
    </ClInclude>
    <ClInclude Include="src\lasreader_ply.hpp">
      <Filter>Header Files</Filter>
    </ClInclude>
    <ClInclude Include="src\lasreader_qfit.hpp">
      <Filter>Header Files</Filter>
    </ClInclude>
    <ClInclude Include="src\lasreader_shp.hpp">
      <Filter>Header Files</Filter>
    </ClInclude>
    <ClInclude Include="src\lasreader_txt.hpp">
      <Filter>Header Files</Filter>
    </ClInclude>
    <ClInclude Include="src\lasreaderbuffered.hpp">
      <Filter>Header Files</Filter>
    </ClInclude>
    <ClInclude Include="src\lasreadermerged.hpp">
      <Filter>Header Files</Filter>
    </ClInclude>
    <ClInclude Include="src\lasreaderpipeon.hpp">
      <Filter>Header Files</Filter>
    </ClInclude>
    <ClInclude Include="src\lasreaderstored.hpp">
      <Filter>Header Files</Filter>
    </ClInclude>
    <ClInclude Include="src\lastransform.hpp">
      <Filter>Header Files</Filter>
    </ClInclude>
    <ClInclude Include="src\lasutility.hpp">
      <Filter>Header Files</Filter>
    </ClInclude>
    <ClInclude Include="src\laswaveform13reader.hpp">
      <Filter>Header Files</Filter>
    </ClInclude>
    <ClInclude Include="src\laswaveform13writer.hpp">
      <Filter>Header Files</Filter>
    </ClInclude>
    <ClInclude Include="src\laswriter.hpp">
      <Filter>Header Files</Filter>
    </ClInclude>
    <ClInclude Include="src\laswriter_bin.hpp">
      <Filter>Header Files</Filter>
    </ClInclude>
    <ClInclude Include="src\laswriter_las.hpp">
      <Filter>Header Files</Filter>
    </ClInclude>
    <ClInclude Include="src\laswriter_qfit.hpp">
      <Filter>Header Files</Filter>
    </ClInclude>
    <ClInclude Include="src\laswriter_txt.hpp">
      <Filter>Header Files</Filter>
    </ClInclude>
    <ClInclude Include="src\laswriter_wrl.hpp">
      <Filter>Header Files</Filter>
    </ClInclude>
    <ClInclude Include="src\laswritercompatible.hpp">
      <Filter>Header Files</Filter>
    </ClInclude>
  </ItemGroup>
  <ItemGroup>
    <ClCompile Include="src\TestHeader.cpp">
      <Filter>Source Files</Filter>
    </ClCompile>
    <ClCompile Include="src\fopen_compressed.cpp">
      <Filter>Source Files</Filter>
    </ClCompile>
    <ClCompile Include="src\lasfilter.cpp">
      <Filter>Source Files</Filter>
    </ClCompile>
    <ClCompile Include="src\lasreader.cpp">
      <Filter>Source Files</Filter>
    </ClCompile>
    <ClCompile Include="src\lasreader_asc.cpp">
      <Filter>Source Files</Filter>
    </ClCompile>
    <ClCompile Include="src\lasreader_bil.cpp">
      <Filter>Source Files</Filter>
    </ClCompile>
    <ClCompile Include="src\lasreader_bin.cpp">
      <Filter>Source Files</Filter>
    </ClCompile>
    <ClCompile Include="src\lasreader_dtm.cpp">
      <Filter>Source Files</Filter>
    </ClCompile>
    <ClCompile Include="src\lasreader_las.cpp">
      <Filter>Source Files</Filter>
    </ClCompile>
    <ClCompile Include="src\lasreader_ply.cpp">
      <Filter>Source Files</Filter>
    </ClCompile>
    <ClCompile Include="src\lasreader_qfit.cpp">
      <Filter>Source Files</Filter>
    </ClCompile>
    <ClCompile Include="src\lasreader_shp.cpp">
      <Filter>Source Files</Filter>
    </ClCompile>
    <ClCompile Include="src\lasreader_txt.cpp">
      <Filter>Source Files</Filter>
    </ClCompile>
    <ClCompile Include="src\lasreaderbuffered.cpp">
      <Filter>Source Files</Filter>
    </ClCompile>
    <ClCompile Include="src\lasreadermerged.cpp">
      <Filter>Source Files</Filter>
    </ClCompile>
    <ClCompile Include="src\lasreaderpipeon.cpp">
      <Filter>Source Files</Filter>
    </ClCompile>
    <ClCompile Include="src\lasreaderstored.cpp">
      <Filter>Source Files</Filter>
    </ClCompile>
    <ClCompile Include="src\lastransform.cpp">
      <Filter>Source Files</Filter>
    </ClCompile>
    <ClCompile Include="src\lasutility.cpp">
      <Filter>Source Files</Filter>
    </ClCompile>
    <ClCompile Include="src\laswaveform13reader.cpp">
      <Filter>Source Files</Filter>
    </ClCompile>
    <ClCompile Include="src\laswaveform13writer.cpp">
      <Filter>Source Files</Filter>
    </ClCompile>
    <ClCompile Include="src\laswriter.cpp">
      <Filter>Source Files</Filter>
    </ClCompile>
    <ClCompile Include="src\laswriter_bin.cpp">
      <Filter>Source Files</Filter>
    </ClCompile>
    <ClCompile Include="src\laswriter_las.cpp">
      <Filter>Source Files</Filter>
    </ClCompile>
    <ClCompile Include="src\laswriter_qfit.cpp">
      <Filter>Source Files</Filter>
    </ClCompile>
    <ClCompile Include="src\laswriter_txt.cpp">
      <Filter>Source Files</Filter>
    </ClCompile>
    <ClCompile Include="src\laswriter_wrl.cpp">
      <Filter>Source Files</Filter>
    </ClCompile>
    <ClCompile Include="src\laswritercompatible.cpp">
      <Filter>Source Files</Filter>
    </ClCompile>
  </ItemGroup>
</Project>